
Microsoft Visual Studio Solution File, Format Version 12.00
# Visual Studio 2013
VisualStudioVersion = 12.0.31101.0
MinimumVisualStudioVersion = 10.0.40219.1
Project("{FAE04EC0-301F-11D3-BF4B-00C04F79EFBC}") = "Endjin.Licensing.Specs", "Endjin.Licensing.Specs\Endjin.Licensing.Specs.csproj", "{D1087F81-B9C4-4434-8A7E-0C926CFF2D20}"
EndProject
Project("{FAE04EC0-301F-11D3-BF4B-00C04F79EFBC}") = "Endjin.Licensing.Infrastructure", "Endjin.Licensing.Infrastructure\Endjin.Licensing.Infrastructure.csproj", "{C7F5197B-7230-4FFF-BC95-D0A16CF648D1}"
EndProject
Project("{2150E333-8FDC-42A3-9474-1A3956D46DE8}") = "@Specs", "@Specs", "{861A0EB7-EE1C-462C-A9B0-9DC944FE9006}"
EndProject
Project("{FAE04EC0-301F-11D3-BF4B-00C04F79EFBC}") = "Endjin.Licensing", "Endjin.Licensing\Endjin.Licensing.csproj", "{C47C12DF-45C2-4C8D-BB38-5BDDB190241A}"
EndProject
Project("{2150E333-8FDC-42A3-9474-1A3956D46DE8}") = "@Demo", "@Demo", "{4C9BCBC5-EE2B-478E-84E8-F63FE4067F13}"
EndProject
Project("{FAE04EC0-301F-11D3-BF4B-00C04F79EFBC}") = "Endjin.Licensing.Demo.ClientApp", "Endjin.Licensing.Demo.ClientApp\Endjin.Licensing.Demo.ClientApp.csproj", "{B480203C-8564-49C8-8674-F1B117E7B132}"
EndProject
Project("{FAE04EC0-301F-11D3-BF4B-00C04F79EFBC}") = "Endjin.Licensing.Demo.ServerApp", "Endjin.Licensing.Demo.ServerApp\Endjin.Licensing.Demo.ServerApp.csproj", "{144877F6-ADA5-4560-9EF6-4588F37AB7C9}"
EndProject
Project("{2150E333-8FDC-42A3-9474-1A3956D46DE8}") = ".NET 4.5", ".NET 4.5", "{91A8ADA5-4521-4A46-9AEF-D8F821AECF5E}"
EndProject
Project("{2150E333-8FDC-42A3-9474-1A3956D46DE8}") = ".NET 4.0", ".NET 4.0", "{1C698B6F-DFC7-4393-AD7F-849DDFF7FD32}"
EndProject
Project("{2150E333-8FDC-42A3-9474-1A3956D46DE8}") = "@Specs", "@Specs", "{69745E6C-1151-4963-99E5-42A9E5C28505}"
EndProject
Project("{2150E333-8FDC-42A3-9474-1A3956D46DE8}") = "@Demo", "@Demo", "{BFED550E-BE89-4DAF-9326-5E57599AA4DE}"
EndProject
Project("{FAE04EC0-301F-11D3-BF4B-00C04F79EFBC}") = "Endjin.Licensing.Net4", "Endjin.Licensing.Net4\Endjin.Licensing.Net4.csproj", "{2339E427-78A2-457D-9737-A655318D32EB}"
EndProject
Project("{FAE04EC0-301F-11D3-BF4B-00C04F79EFBC}") = "Endjin.Licensing.Infrastructure.Net4", "Endjin.Licensing.Infrastructure.Net4\Endjin.Licensing.Infrastructure.Net4.csproj", "{F8CD21AA-144A-4B68-A22E-61047C88FCCE}"
EndProject
Project("{FAE04EC0-301F-11D3-BF4B-00C04F79EFBC}") = "Endjin.Licensing.Demo.ClientApp.Net4", "Endjin.Licensing.Demo.ClientApp.Net4\Endjin.Licensing.Demo.ClientApp.Net4.csproj", "{D0AFB47B-54FE-45D9-A145-DD85182C883D}"
EndProject
Project("{FAE04EC0-301F-11D3-BF4B-00C04F79EFBC}") = "Endjin.Licensing.Demo.ServerApp.Net4", "Endjin.Licensing.Demo.ServerApp.Net4\Endjin.Licensing.Demo.ServerApp.Net4.csproj", "{764C5ECA-DD21-427F-A733-A6B95D6960B3}"
EndProject
Project("{FAE04EC0-301F-11D3-BF4B-00C04F79EFBC}") = "Endjin.Licensing.Specs.Net4", "Endjin.Licensing.Specs.Net4\Endjin.Licensing.Specs.Net4.csproj", "{F995B3C6-A43C-4399-8295-41BDDEAAAB2B}"
EndProject
Global
	GlobalSection(SolutionConfigurationPlatforms) = preSolution
		Debug|Any CPU = Debug|Any CPU
		Release|Any CPU = Release|Any CPU
	EndGlobalSection
	GlobalSection(ProjectConfigurationPlatforms) = postSolution
		{D1087F81-B9C4-4434-8A7E-0C926CFF2D20}.Debug|Any CPU.ActiveCfg = Debug|Any CPU
		{D1087F81-B9C4-4434-8A7E-0C926CFF2D20}.Debug|Any CPU.Build.0 = Debug|Any CPU
		{D1087F81-B9C4-4434-8A7E-0C926CFF2D20}.Release|Any CPU.ActiveCfg = Release|Any CPU
		{D1087F81-B9C4-4434-8A7E-0C926CFF2D20}.Release|Any CPU.Build.0 = Release|Any CPU
		{C7F5197B-7230-4FFF-BC95-D0A16CF648D1}.Debug|Any CPU.ActiveCfg = Debug|Any CPU
		{C7F5197B-7230-4FFF-BC95-D0A16CF648D1}.Debug|Any CPU.Build.0 = Debug|Any CPU
		{C7F5197B-7230-4FFF-BC95-D0A16CF648D1}.Release|Any CPU.ActiveCfg = Release|Any CPU
		{C7F5197B-7230-4FFF-BC95-D0A16CF648D1}.Release|Any CPU.Build.0 = Release|Any CPU
		{C47C12DF-45C2-4C8D-BB38-5BDDB190241A}.Debug|Any CPU.ActiveCfg = Debug|Any CPU
		{C47C12DF-45C2-4C8D-BB38-5BDDB190241A}.Debug|Any CPU.Build.0 = Debug|Any CPU
		{C47C12DF-45C2-4C8D-BB38-5BDDB190241A}.Release|Any CPU.ActiveCfg = Release|Any CPU
		{C47C12DF-45C2-4C8D-BB38-5BDDB190241A}.Release|Any CPU.Build.0 = Release|Any CPU
		{B480203C-8564-49C8-8674-F1B117E7B132}.Debug|Any CPU.ActiveCfg = Debug|Any CPU
		{B480203C-8564-49C8-8674-F1B117E7B132}.Debug|Any CPU.Build.0 = Debug|Any CPU
		{B480203C-8564-49C8-8674-F1B117E7B132}.Release|Any CPU.ActiveCfg = Release|Any CPU
		{B480203C-8564-49C8-8674-F1B117E7B132}.Release|Any CPU.Build.0 = Release|Any CPU
		{144877F6-ADA5-4560-9EF6-4588F37AB7C9}.Debug|Any CPU.ActiveCfg = Debug|Any CPU
		{144877F6-ADA5-4560-9EF6-4588F37AB7C9}.Debug|Any CPU.Build.0 = Debug|Any CPU
		{144877F6-ADA5-4560-9EF6-4588F37AB7C9}.Release|Any CPU.ActiveCfg = Release|Any CPU
		{144877F6-ADA5-4560-9EF6-4588F37AB7C9}.Release|Any CPU.Build.0 = Release|Any CPU
		{2339E427-78A2-457D-9737-A655318D32EB}.Debug|Any CPU.ActiveCfg = Debug|Any CPU
		{2339E427-78A2-457D-9737-A655318D32EB}.Debug|Any CPU.Build.0 = Debug|Any CPU
		{2339E427-78A2-457D-9737-A655318D32EB}.Release|Any CPU.ActiveCfg = Release|Any CPU
		{2339E427-78A2-457D-9737-A655318D32EB}.Release|Any CPU.Build.0 = Release|Any CPU
		{F8CD21AA-144A-4B68-A22E-61047C88FCCE}.Debug|Any CPU.ActiveCfg = Debug|Any CPU
		{F8CD21AA-144A-4B68-A22E-61047C88FCCE}.Debug|Any CPU.Build.0 = Debug|Any CPU
		{F8CD21AA-144A-4B68-A22E-61047C88FCCE}.Release|Any CPU.ActiveCfg = Release|Any CPU
		{F8CD21AA-144A-4B68-A22E-61047C88FCCE}.Release|Any CPU.Build.0 = Release|Any CPU
		{D0AFB47B-54FE-45D9-A145-DD85182C883D}.Debug|Any CPU.ActiveCfg = Debug|Any CPU
		{D0AFB47B-54FE-45D9-A145-DD85182C883D}.Debug|Any CPU.Build.0 = Debug|Any CPU
		{D0AFB47B-54FE-45D9-A145-DD85182C883D}.Release|Any CPU.ActiveCfg = Release|Any CPU
		{D0AFB47B-54FE-45D9-A145-DD85182C883D}.Release|Any CPU.Build.0 = Release|Any CPU
		{764C5ECA-DD21-427F-A733-A6B95D6960B3}.Debug|Any CPU.ActiveCfg = Debug|Any CPU
		{764C5ECA-DD21-427F-A733-A6B95D6960B3}.Debug|Any CPU.Build.0 = Debug|Any CPU
		{764C5ECA-DD21-427F-A733-A6B95D6960B3}.Release|Any CPU.ActiveCfg = Release|Any CPU
		{764C5ECA-DD21-427F-A733-A6B95D6960B3}.Release|Any CPU.Build.0 = Release|Any CPU
		{F995B3C6-A43C-4399-8295-41BDDEAAAB2B}.Debug|Any CPU.ActiveCfg = Debug|Any CPU
		{F995B3C6-A43C-4399-8295-41BDDEAAAB2B}.Debug|Any CPU.Build.0 = Debug|Any CPU
		{F995B3C6-A43C-4399-8295-41BDDEAAAB2B}.Release|Any CPU.ActiveCfg = Release|Any CPU
		{F995B3C6-A43C-4399-8295-41BDDEAAAB2B}.Release|Any CPU.Build.0 = Release|Any CPU
	EndGlobalSection
	GlobalSection(SolutionProperties) = preSolution
		HideSolutionNode = FALSE
	EndGlobalSection
	GlobalSection(NestedProjects) = preSolution
		{D1087F81-B9C4-4434-8A7E-0C926CFF2D20} = {861A0EB7-EE1C-462C-A9B0-9DC944FE9006}
		{C7F5197B-7230-4FFF-BC95-D0A16CF648D1} = {91A8ADA5-4521-4A46-9AEF-D8F821AECF5E}
		{861A0EB7-EE1C-462C-A9B0-9DC944FE9006} = {91A8ADA5-4521-4A46-9AEF-D8F821AECF5E}
		{C47C12DF-45C2-4C8D-BB38-5BDDB190241A} = {91A8ADA5-4521-4A46-9AEF-D8F821AECF5E}
		{4C9BCBC5-EE2B-478E-84E8-F63FE4067F13} = {91A8ADA5-4521-4A46-9AEF-D8F821AECF5E}
		{B480203C-8564-49C8-8674-F1B117E7B132} = {4C9BCBC5-EE2B-478E-84E8-F63FE4067F13}
		{144877F6-ADA5-4560-9EF6-4588F37AB7C9} = {4C9BCBC5-EE2B-478E-84E8-F63FE4067F13}
		{69745E6C-1151-4963-99E5-42A9E5C28505} = {1C698B6F-DFC7-4393-AD7F-849DDFF7FD32}
		{BFED550E-BE89-4DAF-9326-5E57599AA4DE} = {1C698B6F-DFC7-4393-AD7F-849DDFF7FD32}
		{2339E427-78A2-457D-9737-A655318D32EB} = {1C698B6F-DFC7-4393-AD7F-849DDFF7FD32}
		{F8CD21AA-144A-4B68-A22E-61047C88FCCE} = {1C698B6F-DFC7-4393-AD7F-849DDFF7FD32}
		{D0AFB47B-54FE-45D9-A145-DD85182C883D} = {BFED550E-BE89-4DAF-9326-5E57599AA4DE}
		{764C5ECA-DD21-427F-A733-A6B95D6960B3} = {BFED550E-BE89-4DAF-9326-5E57599AA4DE}
		{F995B3C6-A43C-4399-8295-41BDDEAAAB2B} = {69745E6C-1151-4963-99E5-42A9E5C28505}
	EndGlobalSection
EndGlobal
